// !$*UTF8*$!
{
	archiveVersion = 1;
	classes = {
	};
	objectVersion = 46;
	objects = {

/* Begin PBXBuildFile section */
		211A68B31D33D37F00DF098D /* Resource.swift in Sources */ = {isa = PBXBuildFile; fileRef = 211A68B21D33D37F00DF098D /* Resource.swift */; };
		211A68B41D33D37F00DF098D /* Resource.swift in Sources */ = {isa = PBXBuildFile; fileRef = 211A68B21D33D37F00DF098D /* Resource.swift */; };
		211A68B51D33D37F00DF098D /* Resource.swift in Sources */ = {isa = PBXBuildFile; fileRef = 211A68B21D33D37F00DF098D /* Resource.swift */; };
		211A68B61D33D37F00DF098D /* Resource.swift in Sources */ = {isa = PBXBuildFile; fileRef = 211A68B21D33D37F00DF098D /* Resource.swift */; };
		213BA1DD1D59307400A51B07 /* AccessToken.swift in Sources */ = {isa = PBXBuildFile; fileRef = 213BA1DC1D59307400A51B07 /* AccessToken.swift */; };
		213BA1DE1D59307400A51B07 /* AccessToken.swift in Sources */ = {isa = PBXBuildFile; fileRef = 213BA1DC1D59307400A51B07 /* AccessToken.swift */; };
		213BA1DF1D59307400A51B07 /* AccessToken.swift in Sources */ = {isa = PBXBuildFile; fileRef = 213BA1DC1D59307400A51B07 /* AccessToken.swift */; };
		213BA1E01D59307400A51B07 /* AccessToken.swift in Sources */ = {isa = PBXBuildFile; fileRef = 213BA1DC1D59307400A51B07 /* AccessToken.swift */; };
		2175D2A21D171E4C009C6845 /* Account.swift in Sources */ = {isa = PBXBuildFile; fileRef = 21AD8B891C8A37D5000A53F8 /* Account.swift */; };
		2175D2A71D171E4C009C6845 /* Canvas.swift in Sources */ = {isa = PBXBuildFile; fileRef = 21AD8B8F1C8A37D5000A53F8 /* Canvas.swift */; };
		2175D2A91D171E4C009C6845 /* JSONSerialization.swift in Sources */ = {isa = PBXBuildFile; fileRef = 21AD8B931C8A37D5000A53F8 /* JSONSerialization.swift */; };
		2175D2AB1D171E4C009C6845 /* Organization.swift in Sources */ = {isa = PBXBuildFile; fileRef = 21AD8B951C8A37D5000A53F8 /* Organization.swift */; };
		2175D2AC1D171E4C009C6845 /* User.swift in Sources */ = {isa = PBXBuildFile; fileRef = 21AD8B971C8A37D5000A53F8 /* User.swift */; };
		2175D2AD1D171E57009C6845 /* CanvasKit.h in Headers */ = {isa = PBXBuildFile; fileRef = 21AD8BCE1C8A380E000A53F8 /* CanvasKit.h */; settings = {ATTRIBUTES = (Public, ); }; };
		2175D2C11D172123009C6845 /* ISO8601.framework in Frameworks */ = {isa = PBXBuildFile; fileRef = 2175D2C01D172123009C6845 /* ISO8601.framework */; };
		2175D2C31D17212F009C6845 /* ISO8601.framework in Frameworks */ = {isa = PBXBuildFile; fileRef = 2175D2C21D17212F009C6845 /* ISO8601.framework */; };
		2175D2C71D172157009C6845 /* ISO8601.framework in Frameworks */ = {isa = PBXBuildFile; fileRef = 2175D2C51D172157009C6845 /* ISO8601.framework */; };
		2175D2CB1D17216B009C6845 /* ISO8601.framework in Frameworks */ = {isa = PBXBuildFile; fileRef = 2175D2C91D17216B009C6845 /* ISO8601.framework */; };
		21AD8BA51C8A37D6000A53F8 /* Account.swift in Sources */ = {isa = PBXBuildFile; fileRef = 21AD8B891C8A37D5000A53F8 /* Account.swift */; };
		21AD8BAB1C8A37D6000A53F8 /* Canvas.swift in Sources */ = {isa = PBXBuildFile; fileRef = 21AD8B8F1C8A37D5000A53F8 /* Canvas.swift */; };
		21AD8BAF1C8A37D6000A53F8 /* JSONSerialization.swift in Sources */ = {isa = PBXBuildFile; fileRef = 21AD8B931C8A37D5000A53F8 /* JSONSerialization.swift */; };
		21AD8BB11C8A37D6000A53F8 /* Organization.swift in Sources */ = {isa = PBXBuildFile; fileRef = 21AD8B951C8A37D5000A53F8 /* Organization.swift */; };
		21AD8BB31C8A37D6000A53F8 /* User.swift in Sources */ = {isa = PBXBuildFile; fileRef = 21AD8B971C8A37D5000A53F8 /* User.swift */; };
		21AD8BBF1C8A37DE000A53F8 /* Account.swift in Sources */ = {isa = PBXBuildFile; fileRef = 21AD8B891C8A37D5000A53F8 /* Account.swift */; };
		21AD8BC51C8A37DE000A53F8 /* Canvas.swift in Sources */ = {isa = PBXBuildFile; fileRef = 21AD8B8F1C8A37D5000A53F8 /* Canvas.swift */; };
		21AD8BC81C8A37DE000A53F8 /* JSONSerialization.swift in Sources */ = {isa = PBXBuildFile; fileRef = 21AD8B931C8A37D5000A53F8 /* JSONSerialization.swift */; };
		21AD8BCA1C8A37DE000A53F8 /* Organization.swift in Sources */ = {isa = PBXBuildFile; fileRef = 21AD8B951C8A37D5000A53F8 /* Organization.swift */; };
		21AD8BCC1C8A37DE000A53F8 /* User.swift in Sources */ = {isa = PBXBuildFile; fileRef = 21AD8B971C8A37D5000A53F8 /* User.swift */; };
		21AD8BD01C8A380E000A53F8 /* CanvasKit.h in Headers */ = {isa = PBXBuildFile; fileRef = 21AD8BCE1C8A380E000A53F8 /* CanvasKit.h */; settings = {ATTRIBUTES = (Public, ); }; };
		21AD8BE81C8A3829000A53F8 /* CanvasKit.h in Headers */ = {isa = PBXBuildFile; fileRef = 21AD8BCE1C8A380E000A53F8 /* CanvasKit.h */; settings = {ATTRIBUTES = (Public, ); }; };
		21EC4F1B1D077F7900FA439F /* Account.swift in Sources */ = {isa = PBXBuildFile; fileRef = 21AD8B891C8A37D5000A53F8 /* Account.swift */; };
		21EC4F211D077F7900FA439F /* Canvas.swift in Sources */ = {isa = PBXBuildFile; fileRef = 21AD8B8F1C8A37D5000A53F8 /* Canvas.swift */; };
		21EC4F231D077F7900FA439F /* JSONSerialization.swift in Sources */ = {isa = PBXBuildFile; fileRef = 21AD8B931C8A37D5000A53F8 /* JSONSerialization.swift */; };
		21EC4F251D077F7900FA439F /* Organization.swift in Sources */ = {isa = PBXBuildFile; fileRef = 21AD8B951C8A37D5000A53F8 /* Organization.swift */; };
		21EC4F271D077F7900FA439F /* User.swift in Sources */ = {isa = PBXBuildFile; fileRef = 21AD8B971C8A37D5000A53F8 /* User.swift */; };
		21EC4F311D077FAA00FA439F /* CanvasKit.h in Headers */ = {isa = PBXBuildFile; fileRef = 21AD8BCE1C8A380E000A53F8 /* CanvasKit.h */; settings = {ATTRIBUTES = (Public, ); }; };
		21ECEEC41D75D8CF00A59410 /* NetworkClient.swift in Sources */ = {isa = PBXBuildFile; fileRef = 21AD8B941C8A37D5000A53F8 /* NetworkClient.swift */; };
		21ECEEC61D75D8CF00A59410 /* NetworkClient.swift in Sources */ = {isa = PBXBuildFile; fileRef = 21AD8B941C8A37D5000A53F8 /* NetworkClient.swift */; };
		21ECEEC81D75D8CF00A59410 /* NetworkClient.swift in Sources */ = {isa = PBXBuildFile; fileRef = 21AD8B941C8A37D5000A53F8 /* NetworkClient.swift */; };
		21ECEECA1D75D8D000A59410 /* NetworkClient.swift in Sources */ = {isa = PBXBuildFile; fileRef = 21AD8B941C8A37D5000A53F8 /* NetworkClient.swift */; };
		21ECEECC1D75D8DC00A59410 /* AccountClient.swift in Sources */ = {isa = PBXBuildFile; fileRef = 21AD8B8E1C8A37D5000A53F8 /* AccountClient.swift */; };
		21ECEECD1D75D8DC00A59410 /* AccountClient.swift in Sources */ = {isa = PBXBuildFile; fileRef = 21AD8B8E1C8A37D5000A53F8 /* AccountClient.swift */; };
		21ECEECE1D75D8DD00A59410 /* AccountClient.swift in Sources */ = {isa = PBXBuildFile; fileRef = 21AD8B8E1C8A37D5000A53F8 /* AccountClient.swift */; };
		21ECEECF1D75D8DD00A59410 /* AccountClient.swift in Sources */ = {isa = PBXBuildFile; fileRef = 21AD8B8E1C8A37D5000A53F8 /* AccountClient.swift */; };
		21ECEED41D75D91B00A59410 /* OAuthClient.swift in Sources */ = {isa = PBXBuildFile; fileRef = 21AE403B1D5E5DCA0057B4E9 /* OAuthClient.swift */; };
		21ECEED51D75D91C00A59410 /* OAuthClient.swift in Sources */ = {isa = PBXBuildFile; fileRef = 21AE403B1D5E5DCA0057B4E9 /* OAuthClient.swift */; };
		21ECEED61D75D91C00A59410 /* OAuthClient.swift in Sources */ = {isa = PBXBuildFile; fileRef = 21AE403B1D5E5DCA0057B4E9 /* OAuthClient.swift */; };
		21ECEED71D75D91D00A59410 /* OAuthClient.swift in Sources */ = {isa = PBXBuildFile; fileRef = 21AE403B1D5E5DCA0057B4E9 /* OAuthClient.swift */; };
		21ECEED81D75D95500A59410 /* APIClient.swift in Sources */ = {isa = PBXBuildFile; fileRef = 21AD8B8D1C8A37D5000A53F8 /* APIClient.swift */; };
		21ECEED91D75D95500A59410 /* APIClient.swift in Sources */ = {isa = PBXBuildFile; fileRef = 21AD8B8D1C8A37D5000A53F8 /* APIClient.swift */; };
		21ECEEDA1D75D95600A59410 /* APIClient.swift in Sources */ = {isa = PBXBuildFile; fileRef = 21AD8B8D1C8A37D5000A53F8 /* APIClient.swift */; };
		21ECEEDB1D75D95600A59410 /* APIClient.swift in Sources */ = {isa = PBXBuildFile; fileRef = 21AD8B8D1C8A37D5000A53F8 /* APIClient.swift */; };
/* End PBXBuildFile section */

/* Begin PBXFileReference section */
		211A68B21D33D37F00DF098D /* Resource.swift */ = {isa = PBXFileReference; fileEncoding = 4; lastKnownFileType = sourcecode.swift; path = Resource.swift; sourceTree = "<group>"; };
		213BA1DC1D59307400A51B07 /* AccessToken.swift */ = {isa = PBXFileReference; fileEncoding = 4; lastKnownFileType = sourcecode.swift; path = AccessToken.swift; sourceTree = "<group>"; };
		216C4B971BF54AB100260B8E /* CanvasKit.framework */ = {isa = PBXFileReference; explicitFileType = wrapper.framework; includeInIndex = 0; path = CanvasKit.framework; sourceTree = BUILT_PRODUCTS_DIR; };
		2175D29A1D171DC3009C6845 /* CanvasKit.framework */ = {isa = PBXFileReference; explicitFileType = wrapper.framework; includeInIndex = 0; path = CanvasKit.framework; sourceTree = BUILT_PRODUCTS_DIR; };
		2175D2C01D172123009C6845 /* ISO8601.framework */ = {isa = PBXFileReference; lastKnownFileType = wrapper.framework; name = ISO8601.framework; path = Carthage/Build/tvOS/ISO8601.framework; sourceTree = "<group>"; };
		2175D2C21D17212F009C6845 /* ISO8601.framework */ = {isa = PBXFileReference; lastKnownFileType = wrapper.framework; name = ISO8601.framework; path = Carthage/Build/watchOS/ISO8601.framework; sourceTree = "<group>"; };
		2175D2C41D172157009C6845 /* DVR.framework */ = {isa = PBXFileReference; lastKnownFileType = wrapper.framework; name = DVR.framework; path = Carthage/Build/iOS/DVR.framework; sourceTree = "<group>"; };
		2175D2C51D172157009C6845 /* ISO8601.framework */ = {isa = PBXFileReference; lastKnownFileType = wrapper.framework; name = ISO8601.framework; path = Carthage/Build/iOS/ISO8601.framework; sourceTree = "<group>"; };
		2175D2C81D17216B009C6845 /* DVR.framework */ = {isa = PBXFileReference; lastKnownFileType = wrapper.framework; name = DVR.framework; path = Carthage/Build/Mac/DVR.framework; sourceTree = "<group>"; };
		2175D2C91D17216B009C6845 /* ISO8601.framework */ = {isa = PBXFileReference; lastKnownFileType = wrapper.framework; name = ISO8601.framework; path = Carthage/Build/Mac/ISO8601.framework; sourceTree = "<group>"; };
		21AD8B891C8A37D5000A53F8 /* Account.swift */ = {isa = PBXFileReference; fileEncoding = 4; lastKnownFileType = sourcecode.swift; path = Account.swift; sourceTree = "<group>"; };
		21AD8B8D1C8A37D5000A53F8 /* APIClient.swift */ = {isa = PBXFileReference; fileEncoding = 4; lastKnownFileType = sourcecode.swift; path = APIClient.swift; sourceTree = "<group>"; };
		21AD8B8E1C8A37D5000A53F8 /* AccountClient.swift */ = {isa = PBXFileReference; fileEncoding = 4; lastKnownFileType = sourcecode.swift; path = AccountClient.swift; sourceTree = "<group>"; };
		21AD8B8F1C8A37D5000A53F8 /* Canvas.swift */ = {isa = PBXFileReference; fileEncoding = 4; lastKnownFileType = sourcecode.swift; path = Canvas.swift; sourceTree = "<group>"; };
		21AD8B931C8A37D5000A53F8 /* JSONSerialization.swift */ = {isa = PBXFileReference; fileEncoding = 4; lastKnownFileType = sourcecode.swift; path = JSONSerialization.swift; sourceTree = "<group>"; };
		21AD8B941C8A37D5000A53F8 /* NetworkClient.swift */ = {isa = PBXFileReference; fileEncoding = 4; lastKnownFileType = sourcecode.swift; path = NetworkClient.swift; sourceTree = "<group>"; };
		21AD8B951C8A37D5000A53F8 /* Organization.swift */ = {isa = PBXFileReference; fileEncoding = 4; lastKnownFileType = sourcecode.swift; path = Organization.swift; sourceTree = "<group>"; };
		21AD8B971C8A37D5000A53F8 /* User.swift */ = {isa = PBXFileReference; fileEncoding = 4; lastKnownFileType = sourcecode.swift; path = User.swift; sourceTree = "<group>"; };
		21AD8BCE1C8A380E000A53F8 /* CanvasKit.h */ = {isa = PBXFileReference; fileEncoding = 4; lastKnownFileType = sourcecode.c.h; path = CanvasKit.h; sourceTree = "<group>"; };
		21AD8BCF1C8A380E000A53F8 /* Info.plist */ = {isa = PBXFileReference; fileEncoding = 4; lastKnownFileType = text.plist.xml; path = Info.plist; sourceTree = "<group>"; };
		21AE403B1D5E5DCA0057B4E9 /* OAuthClient.swift */ = {isa = PBXFileReference; fileEncoding = 4; lastKnownFileType = sourcecode.swift; path = OAuthClient.swift; sourceTree = "<group>"; };
		21EC4F041D077F5B00FA439F /* CanvasKit.framework */ = {isa = PBXFileReference; explicitFileType = wrapper.framework; includeInIndex = 0; path = CanvasKit.framework; sourceTree = BUILT_PRODUCTS_DIR; };
		21FB6ABB1BF53C9D003C82BB /* CanvasKit.framework */ = {isa = PBXFileReference; explicitFileType = wrapper.framework; includeInIndex = 0; path = CanvasKit.framework; sourceTree = BUILT_PRODUCTS_DIR; };
/* End PBXFileReference section */

/* Begin PBXFrameworksBuildPhase section */
		216C4B931BF54AB100260B8E /* Frameworks */ = {
			isa = PBXFrameworksBuildPhase;
			buildActionMask = 2147483647;
			files = (
				2175D2CB1D17216B009C6845 /* ISO8601.framework in Frameworks */,
			);
			runOnlyForDeploymentPostprocessing = 0;
		};
		2175D2961D171DC3009C6845 /* Frameworks */ = {
			isa = PBXFrameworksBuildPhase;
			buildActionMask = 2147483647;
			files = (
				2175D2C31D17212F009C6845 /* ISO8601.framework in Frameworks */,
			);
			runOnlyForDeploymentPostprocessing = 0;
		};
		21EC4F001D077F5B00FA439F /* Frameworks */ = {
			isa = PBXFrameworksBuildPhase;
			buildActionMask = 2147483647;
			files = (
				2175D2C11D172123009C6845 /* ISO8601.framework in Frameworks */,
			);
			runOnlyForDeploymentPostprocessing = 0;
		};
		21FB6AB71BF53C9D003C82BB /* Frameworks */ = {
			isa = PBXFrameworksBuildPhase;
			buildActionMask = 2147483647;
			files = (
				2175D2C71D172157009C6845 /* ISO8601.framework in Frameworks */,
			);
			runOnlyForDeploymentPostprocessing = 0;
		};
/* End PBXFrameworksBuildPhase section */

/* Begin PBXGroup section */
		213BA1E11D59307B00A51B07 /* Models */ = {
			isa = PBXGroup;
			children = (
				21AD8B891C8A37D5000A53F8 /* Account.swift */,
				21AD8B8F1C8A37D5000A53F8 /* Canvas.swift */,
				21AD8B951C8A37D5000A53F8 /* Organization.swift */,
				21AD8B971C8A37D5000A53F8 /* User.swift */,
				213BA1DC1D59307400A51B07 /* AccessToken.swift */,
			);
			name = Models;
			sourceTree = "<group>";
		};
		213BA1E21D59308400A51B07 /* Networking */ = {
			isa = PBXGroup;
			children = (
				21AD8B941C8A37D5000A53F8 /* NetworkClient.swift */,
				21AD8B8E1C8A37D5000A53F8 /* AccountClient.swift */,
				21AE403B1D5E5DCA0057B4E9 /* OAuthClient.swift */,
				21AD8B8D1C8A37D5000A53F8 /* APIClient.swift */,
			);
			name = Networking;
			sourceTree = "<group>";
		};
		213BA1E31D59308900A51B07 /* Protocols */ = {
			isa = PBXGroup;
			children = (
				21AD8B931C8A37D5000A53F8 /* JSONSerialization.swift */,
				211A68B21D33D37F00DF098D /* Resource.swift */,
			);
			name = Protocols;
			sourceTree = "<group>";
		};
		216C4BD11BF54B9A00260B8E /* Frameworks */ = {
			isa = PBXGroup;
			children = (
				216C4BDE1BF54C2E00260B8E /* iOS */,
				216C4BDD1BF54C2600260B8E /* macOS */,
				2175D2931D171D7C009C6845 /* tvOS */,
				2175D2941D171D87009C6845 /* watchOS */,
			);
			name = Frameworks;
			sourceTree = "<group>";
		};
		216C4BDD1BF54C2600260B8E /* macOS */ = {
			isa = PBXGroup;
			children = (
				2175D2C81D17216B009C6845 /* DVR.framework */,
				2175D2C91D17216B009C6845 /* ISO8601.framework */,
			);
			name = macOS;
			sourceTree = "<group>";
		};
		216C4BDE1BF54C2E00260B8E /* iOS */ = {
			isa = PBXGroup;
			children = (
				2175D2C41D172157009C6845 /* DVR.framework */,
				2175D2C51D172157009C6845 /* ISO8601.framework */,
			);
			name = iOS;
			sourceTree = "<group>";
		};
		2175D2931D171D7C009C6845 /* tvOS */ = {
			isa = PBXGroup;
			children = (
				2175D2C01D172123009C6845 /* ISO8601.framework */,
			);
			name = tvOS;
			sourceTree = "<group>";
		};
		2175D2941D171D87009C6845 /* watchOS */ = {
			isa = PBXGroup;
			children = (
				2175D2C21D17212F009C6845 /* ISO8601.framework */,
			);
			name = watchOS;
			sourceTree = "<group>";
		};
		21AD8B881C8A37D5000A53F8 /* Sources */ = {
			isa = PBXGroup;
			children = (
				213BA1E11D59307B00A51B07 /* Models */,
				213BA1E21D59308400A51B07 /* Networking */,
				213BA1E31D59308900A51B07 /* Protocols */,
			);
			path = Sources;
			sourceTree = "<group>";
		};
		21AD8BCD1C8A380E000A53F8 /* Support */ = {
			isa = PBXGroup;
			children = (
				21AD8BCE1C8A380E000A53F8 /* CanvasKit.h */,
				21AD8BCF1C8A380E000A53F8 /* Info.plist */,
			);
			path = Support;
			sourceTree = "<group>";
		};
		21FB6AB11BF53C9D003C82BB = {
			isa = PBXGroup;
			children = (
				21AD8B881C8A37D5000A53F8 /* Sources */,
				21AD8BCD1C8A380E000A53F8 /* Support */,
				216C4BD11BF54B9A00260B8E /* Frameworks */,
				21FB6ABC1BF53C9D003C82BB /* Products */,
			);
			sourceTree = "<group>";
		};
		21FB6ABC1BF53C9D003C82BB /* Products */ = {
			isa = PBXGroup;
			children = (
				21FB6ABB1BF53C9D003C82BB /* CanvasKit.framework */,
				216C4B971BF54AB100260B8E /* CanvasKit.framework */,
				21EC4F041D077F5B00FA439F /* CanvasKit.framework */,
				2175D29A1D171DC3009C6845 /* CanvasKit.framework */,
			);
			name = Products;
			sourceTree = "<group>";
		};
/* End PBXGroup section */

/* Begin PBXHeadersBuildPhase section */
		216C4B941BF54AB100260B8E /* Headers */ = {
			isa = PBXHeadersBuildPhase;
			buildActionMask = 2147483647;
			files = (
				21AD8BE81C8A3829000A53F8 /* CanvasKit.h in Headers */,
			);
			runOnlyForDeploymentPostprocessing = 0;
		};
		2175D2971D171DC3009C6845 /* Headers */ = {
			isa = PBXHeadersBuildPhase;
			buildActionMask = 2147483647;
			files = (
				2175D2AD1D171E57009C6845 /* CanvasKit.h in Headers */,
			);
			runOnlyForDeploymentPostprocessing = 0;
		};
		21EC4F011D077F5B00FA439F /* Headers */ = {
			isa = PBXHeadersBuildPhase;
			buildActionMask = 2147483647;
			files = (
				21EC4F311D077FAA00FA439F /* CanvasKit.h in Headers */,
			);
			runOnlyForDeploymentPostprocessing = 0;
		};
		21FB6AB81BF53C9D003C82BB /* Headers */ = {
			isa = PBXHeadersBuildPhase;
			buildActionMask = 2147483647;
			files = (
				21AD8BD01C8A380E000A53F8 /* CanvasKit.h in Headers */,
			);
			runOnlyForDeploymentPostprocessing = 0;
		};
/* End PBXHeadersBuildPhase section */

/* Begin PBXNativeTarget section */
		216C4B961BF54AB100260B8E /* CanvasKit-macOS */ = {
			isa = PBXNativeTarget;
			buildConfigurationList = 216C4BA81BF54AB100260B8E /* Build configuration list for PBXNativeTarget "CanvasKit-macOS" */;
			buildPhases = (
				216C4B921BF54AB100260B8E /* Sources */,
				216C4B931BF54AB100260B8E /* Frameworks */,
				216C4B941BF54AB100260B8E /* Headers */,
				216C4B951BF54AB100260B8E /* Resources */,
				21CEC8541C601FEF001AEA10 /* Copy Products */,
			);
			buildRules = (
			);
			dependencies = (
			);
			name = "CanvasKit-macOS";
			productName = CanvasKit;
			productReference = 216C4B971BF54AB100260B8E /* CanvasKit.framework */;
			productType = "com.apple.product-type.framework";
		};
		2175D2991D171DC3009C6845 /* CanvasKit-watchOS */ = {
			isa = PBXNativeTarget;
			buildConfigurationList = 2175D29F1D171DC3009C6845 /* Build configuration list for PBXNativeTarget "CanvasKit-watchOS" */;
			buildPhases = (
				2175D2951D171DC3009C6845 /* Sources */,
				2175D2961D171DC3009C6845 /* Frameworks */,
				2175D2971D171DC3009C6845 /* Headers */,
				2175D2981D171DC3009C6845 /* Resources */,
			);
			buildRules = (
			);
			dependencies = (
			);
			name = "CanvasKit-watchOS";
			productName = CanvasKit;
			productReference = 2175D29A1D171DC3009C6845 /* CanvasKit.framework */;
			productType = "com.apple.product-type.framework";
		};
		21EC4F031D077F5B00FA439F /* CanvasKit-tvOS */ = {
			isa = PBXNativeTarget;
			buildConfigurationList = 21EC4F191D077F5B00FA439F /* Build configuration list for PBXNativeTarget "CanvasKit-tvOS" */;
			buildPhases = (
				21EC4EFF1D077F5B00FA439F /* Sources */,
				21EC4F001D077F5B00FA439F /* Frameworks */,
				21EC4F011D077F5B00FA439F /* Headers */,
				21EC4F021D077F5B00FA439F /* Resources */,
			);
			buildRules = (
			);
			dependencies = (
			);
			name = "CanvasKit-tvOS";
			productName = "CanvasKit-tvOS";
			productReference = 21EC4F041D077F5B00FA439F /* CanvasKit.framework */;
			productType = "com.apple.product-type.framework";
		};
		21FB6ABA1BF53C9D003C82BB /* CanvasKit-iOS */ = {
			isa = PBXNativeTarget;
			buildConfigurationList = 21FB6ACF1BF53C9D003C82BB /* Build configuration list for PBXNativeTarget "CanvasKit-iOS" */;
			buildPhases = (
				21FB6AB61BF53C9D003C82BB /* Sources */,
				21FB6AB71BF53C9D003C82BB /* Frameworks */,
				21FB6AB81BF53C9D003C82BB /* Headers */,
				21FB6AB91BF53C9D003C82BB /* Resources */,
				21CEC8531C601FE5001AEA10 /* Copy Products */,
			);
			buildRules = (
			);
			dependencies = (
			);
			name = "CanvasKit-iOS";
			productName = CanvasKit;
			productReference = 21FB6ABB1BF53C9D003C82BB /* CanvasKit.framework */;
			productType = "com.apple.product-type.framework";
		};
/* End PBXNativeTarget section */

/* Begin PBXProject section */
		21FB6AB21BF53C9D003C82BB /* Project object */ = {
			isa = PBXProject;
			attributes = {
				LastSwiftUpdateCheck = 0730;
				LastUpgradeCheck = 0800;
				ORGANIZATIONNAME = "Canvas Labs, Inc.";
				TargetAttributes = {
					216C4B961BF54AB100260B8E = {
						CreatedOnToolsVersion = 7.2;
					};
					2175D2991D171DC3009C6845 = {
						CreatedOnToolsVersion = 7.3.1;
					};
					21EC4F031D077F5B00FA439F = {
						CreatedOnToolsVersion = 7.3.1;
					};
					21FB6ABA1BF53C9D003C82BB = {
						CreatedOnToolsVersion = 7.1.1;
						LastSwiftMigration = 0800;
					};
				};
			};
			buildConfigurationList = 21FB6AB51BF53C9D003C82BB /* Build configuration list for PBXProject "CanvasKit" */;
			compatibilityVersion = "Xcode 3.2";
			developmentRegion = English;
			hasScannedForEncodings = 0;
			knownRegions = (
				en,
			);
			mainGroup = 21FB6AB11BF53C9D003C82BB;
			productRefGroup = 21FB6ABC1BF53C9D003C82BB /* Products */;
			projectDirPath = "";
			projectRoot = "";
			targets = (
				21FB6ABA1BF53C9D003C82BB /* CanvasKit-iOS */,
				216C4B961BF54AB100260B8E /* CanvasKit-macOS */,
				21EC4F031D077F5B00FA439F /* CanvasKit-tvOS */,
				2175D2991D171DC3009C6845 /* CanvasKit-watchOS */,
			);
		};
/* End PBXProject section */

/* Begin PBXResourcesBuildPhase section */
		216C4B951BF54AB100260B8E /* Resources */ = {
			isa = PBXResourcesBuildPhase;
			buildActionMask = 2147483647;
			files = (
			);
			runOnlyForDeploymentPostprocessing = 0;
		};
		2175D2981D171DC3009C6845 /* Resources */ = {
			isa = PBXResourcesBuildPhase;
			buildActionMask = 2147483647;
			files = (
			);
			runOnlyForDeploymentPostprocessing = 0;
		};
		21EC4F021D077F5B00FA439F /* Resources */ = {
			isa = PBXResourcesBuildPhase;
			buildActionMask = 2147483647;
			files = (
			);
			runOnlyForDeploymentPostprocessing = 0;
		};
		21FB6AB91BF53C9D003C82BB /* Resources */ = {
			isa = PBXResourcesBuildPhase;
			buildActionMask = 2147483647;
			files = (
			);
			runOnlyForDeploymentPostprocessing = 0;
		};
/* End PBXResourcesBuildPhase section */

/* Begin PBXShellScriptBuildPhase section */
		21CEC8531C601FE5001AEA10 /* Copy Products */ = {
			isa = PBXShellScriptBuildPhase;
			buildActionMask = 2147483647;
			files = (
			);
			inputPaths = (
			);
			name = "Copy Products";
			outputPaths = (
			);
			runOnlyForDeploymentPostprocessing = 0;
			shellPath = /bin/sh;
			shellScript = "build_dir=\"$SRCROOT/Carthage/Build\"\nif ! [ -L \"$build_dir\" ]; then exit 0; fi\nrsync --delete -av \"$BUILT_PRODUCTS_DIR/$PRODUCT_NAME\"* \"$build_dir/iOS\"";
		};
		21CEC8541C601FEF001AEA10 /* Copy Products */ = {
			isa = PBXShellScriptBuildPhase;
			buildActionMask = 2147483647;
			files = (
			);
			inputPaths = (
			);
			name = "Copy Products";
			outputPaths = (
			);
			runOnlyForDeploymentPostprocessing = 0;
			shellPath = /bin/sh;
			shellScript = "build_dir=\"$SRCROOT/Carthage/Build\"\nif ! [ -L \"$build_dir\" ]; then exit 0; fi\nrsync --delete -av \"$BUILT_PRODUCTS_DIR/$PRODUCT_NAME\"* \"$build_dir/Mac\"";
		};
/* End PBXShellScriptBuildPhase section */

/* Begin PBXSourcesBuildPhase section */
		216C4B921BF54AB100260B8E /* Sources */ = {
			isa = PBXSourcesBuildPhase;
			buildActionMask = 2147483647;
			files = (
				21ECEECE1D75D8DD00A59410 /* AccountClient.swift in Sources */,
				21AD8BCC1C8A37DE000A53F8 /* User.swift in Sources */,
				21AD8BC51C8A37DE000A53F8 /* Canvas.swift in Sources */,
				21AD8BCA1C8A37DE000A53F8 /* Organization.swift in Sources */,
				21ECEED61D75D91C00A59410 /* OAuthClient.swift in Sources */,
				21ECEEDA1D75D95600A59410 /* APIClient.swift in Sources */,
				21AD8BBF1C8A37DE000A53F8 /* Account.swift in Sources */,
				21AD8BC81C8A37DE000A53F8 /* JSONSerialization.swift in Sources */,
				211A68B41D33D37F00DF098D /* Resource.swift in Sources */,
				213BA1DE1D59307400A51B07 /* AccessToken.swift in Sources */,
				21ECEEC81D75D8CF00A59410 /* NetworkClient.swift in Sources */,
			);
			runOnlyForDeploymentPostprocessing = 0;
		};
		2175D2951D171DC3009C6845 /* Sources */ = {
			isa = PBXSourcesBuildPhase;
			buildActionMask = 2147483647;
			files = (
				21ECEECC1D75D8DC00A59410 /* AccountClient.swift in Sources */,
				2175D2A21D171E4C009C6845 /* Account.swift in Sources */,
				2175D2A91D171E4C009C6845 /* JSONSerialization.swift in Sources */,
				2175D2AB1D171E4C009C6845 /* Organization.swift in Sources */,
				21ECEED41D75D91B00A59410 /* OAuthClient.swift in Sources */,
				21ECEED81D75D95500A59410 /* APIClient.swift in Sources */,
				2175D2A71D171E4C009C6845 /* Canvas.swift in Sources */,
				211A68B61D33D37F00DF098D /* Resource.swift in Sources */,
				2175D2AC1D171E4C009C6845 /* User.swift in Sources */,
				213BA1E01D59307400A51B07 /* AccessToken.swift in Sources */,
				21ECEEC41D75D8CF00A59410 /* NetworkClient.swift in Sources */,
			);
			runOnlyForDeploymentPostprocessing = 0;
		};
		21EC4EFF1D077F5B00FA439F /* Sources */ = {
			isa = PBXSourcesBuildPhase;
			buildActionMask = 2147483647;
			files = (
				21ECEECD1D75D8DC00A59410 /* AccountClient.swift in Sources */,
				21EC4F271D077F7900FA439F /* User.swift in Sources */,
				21EC4F211D077F7900FA439F /* Canvas.swift in Sources */,
				21EC4F251D077F7900FA439F /* Organization.swift in Sources */,
				21ECEED51D75D91C00A59410 /* OAuthClient.swift in Sources */,
				21ECEED91D75D95500A59410 /* APIClient.swift in Sources */,
				21EC4F1B1D077F7900FA439F /* Account.swift in Sources */,
				21EC4F231D077F7900FA439F /* JSONSerialization.swift in Sources */,
				211A68B51D33D37F00DF098D /* Resource.swift in Sources */,
				213BA1DF1D59307400A51B07 /* AccessToken.swift in Sources */,
				21ECEEC61D75D8CF00A59410 /* NetworkClient.swift in Sources */,
			);
			runOnlyForDeploymentPostprocessing = 0;
		};
		21FB6AB61BF53C9D003C82BB /* Sources */ = {
			isa = PBXSourcesBuildPhase;
			buildActionMask = 2147483647;
			files = (
				21ECEECF1D75D8DD00A59410 /* AccountClient.swift in Sources */,
				21AD8BB31C8A37D6000A53F8 /* User.swift in Sources */,
				21AD8BAB1C8A37D6000A53F8 /* Canvas.swift in Sources */,
				21AD8BB11C8A37D6000A53F8 /* Organization.swift in Sources */,
				21ECEED71D75D91D00A59410 /* OAuthClient.swift in Sources */,
				21ECEEDB1D75D95600A59410 /* APIClient.swift in Sources */,
				21AD8BA51C8A37D6000A53F8 /* Account.swift in Sources */,
				21AD8BAF1C8A37D6000A53F8 /* JSONSerialization.swift in Sources */,
				211A68B31D33D37F00DF098D /* Resource.swift in Sources */,
				213BA1DD1D59307400A51B07 /* AccessToken.swift in Sources */,
				21ECEECA1D75D8D000A59410 /* NetworkClient.swift in Sources */,
			);
			runOnlyForDeploymentPostprocessing = 0;
		};
/* End PBXSourcesBuildPhase section */

/* Begin XCBuildConfiguration section */
		216C4BA91BF54AB100260B8E /* Debug */ = {
			isa = XCBuildConfiguration;
			buildSettings = {
				APPLICATION_EXTENSION_API_ONLY = YES;
				COMBINE_HIDPI_IMAGES = YES;
				DEFINES_MODULE = YES;
				DYLIB_COMPATIBILITY_VERSION = 1;
				DYLIB_CURRENT_VERSION = 1;
				DYLIB_INSTALL_NAME_BASE = "@rpath";
				FRAMEWORK_SEARCH_PATHS = (
					"$(inherited)",
					"$(PROJECT_DIR)/Carthage/Build/Mac",
				);
				FRAMEWORK_VERSION = A;
				INFOPLIST_FILE = "$(SRCROOT)/Support/Info.plist";
				INSTALL_PATH = "$(LOCAL_LIBRARY_DIR)/Frameworks";
				LD_RUNPATH_SEARCH_PATHS = "$(inherited) @executable_path/../Frameworks @loader_path/Frameworks";
				PRODUCT_BUNDLE_IDENTIFIER = com.usecanvas.canvaskit;
				PRODUCT_NAME = CanvasKit;
				SDKROOT = macosx;
				SKIP_INSTALL = YES;
			};
			name = Debug;
		};
		216C4BAA1BF54AB100260B8E /* Release */ = {
			isa = XCBuildConfiguration;
			buildSettings = {
				APPLICATION_EXTENSION_API_ONLY = YES;
				COMBINE_HIDPI_IMAGES = YES;
				DEFINES_MODULE = YES;
				DYLIB_COMPATIBILITY_VERSION = 1;
				DYLIB_CURRENT_VERSION = 1;
				DYLIB_INSTALL_NAME_BASE = "@rpath";
				FRAMEWORK_SEARCH_PATHS = (
					"$(inherited)",
					"$(PROJECT_DIR)/Carthage/Build/Mac",
				);
				FRAMEWORK_VERSION = A;
				INFOPLIST_FILE = "$(SRCROOT)/Support/Info.plist";
				INSTALL_PATH = "$(LOCAL_LIBRARY_DIR)/Frameworks";
				LD_RUNPATH_SEARCH_PATHS = "$(inherited) @executable_path/../Frameworks @loader_path/Frameworks";
				PRODUCT_BUNDLE_IDENTIFIER = com.usecanvas.canvaskit;
				PRODUCT_NAME = CanvasKit;
				SDKROOT = macosx;
				SKIP_INSTALL = YES;
			};
			name = Release;
		};
		2175D2A01D171DC3009C6845 /* Debug */ = {
			isa = XCBuildConfiguration;
			buildSettings = {
				APPLICATION_EXTENSION_API_ONLY = YES;
				CLANG_ANALYZER_NONNULL = YES;
				"CODE_SIGN_IDENTITY[sdk=watchos*]" = "";
				DEFINES_MODULE = YES;
				DYLIB_COMPATIBILITY_VERSION = 1;
				DYLIB_CURRENT_VERSION = 1;
				DYLIB_INSTALL_NAME_BASE = "@rpath";
				FRAMEWORK_SEARCH_PATHS = (
					"$(inherited)",
					"$(PROJECT_DIR)/Carthage/Build/watchOS",
				);
				INFOPLIST_FILE = Support/Info.plist;
				INSTALL_PATH = "$(LOCAL_LIBRARY_DIR)/Frameworks";
				LD_RUNPATH_SEARCH_PATHS = "$(inherited) @executable_path/Frameworks @loader_path/Frameworks";
				PRODUCT_BUNDLE_IDENTIFIER = com.usecanvas.canvaskit;
				PRODUCT_NAME = CanvasKit;
				SDKROOT = watchos;
				SKIP_INSTALL = YES;
				TARGETED_DEVICE_FAMILY = 4;
				WATCHOS_DEPLOYMENT_TARGET = 2.2;
			};
			name = Debug;
		};
		2175D2A11D171DC3009C6845 /* Release */ = {
			isa = XCBuildConfiguration;
			buildSettings = {
				APPLICATION_EXTENSION_API_ONLY = YES;
				CLANG_ANALYZER_NONNULL = YES;
				"CODE_SIGN_IDENTITY[sdk=watchos*]" = "";
				DEFINES_MODULE = YES;
				DYLIB_COMPATIBILITY_VERSION = 1;
				DYLIB_CURRENT_VERSION = 1;
				DYLIB_INSTALL_NAME_BASE = "@rpath";
				FRAMEWORK_SEARCH_PATHS = (
					"$(inherited)",
					"$(PROJECT_DIR)/Carthage/Build/watchOS",
				);
				INFOPLIST_FILE = Support/Info.plist;
				INSTALL_PATH = "$(LOCAL_LIBRARY_DIR)/Frameworks";
				LD_RUNPATH_SEARCH_PATHS = "$(inherited) @executable_path/Frameworks @loader_path/Frameworks";
				PRODUCT_BUNDLE_IDENTIFIER = com.usecanvas.canvaskit;
				PRODUCT_NAME = CanvasKit;
				SDKROOT = watchos;
				SKIP_INSTALL = YES;
				TARGETED_DEVICE_FAMILY = 4;
				WATCHOS_DEPLOYMENT_TARGET = 2.2;
			};
			name = Release;
		};
		21EC4F151D077F5B00FA439F /* Debug */ = {
			isa = XCBuildConfiguration;
			buildSettings = {
				APPLICATION_EXTENSION_API_ONLY = YES;
				CLANG_ANALYZER_NONNULL = YES;
				"CODE_SIGN_IDENTITY[sdk=appletvos*]" = "";
				DEFINES_MODULE = YES;
				DYLIB_COMPATIBILITY_VERSION = 1;
				DYLIB_CURRENT_VERSION = 1;
				DYLIB_INSTALL_NAME_BASE = "@rpath";
				FRAMEWORK_SEARCH_PATHS = (
					"$(inherited)",
					"$(PROJECT_DIR)/Carthage/Build/tvOS",
				);
				INFOPLIST_FILE = Support/Info.plist;
				INSTALL_PATH = "$(LOCAL_LIBRARY_DIR)/Frameworks";
				LD_RUNPATH_SEARCH_PATHS = "$(inherited) @executable_path/Frameworks @loader_path/Frameworks";
				PRODUCT_BUNDLE_IDENTIFIER = com.usecanvas.canvaskit;
				PRODUCT_NAME = CanvasKit;
				SDKROOT = appletvos;
				SKIP_INSTALL = YES;
				TARGETED_DEVICE_FAMILY = 3;
				TVOS_DEPLOYMENT_TARGET = 9.0;
			};
			name = Debug;
		};
		21EC4F161D077F5B00FA439F /* Release */ = {
			isa = XCBuildConfiguration;
			buildSettings = {
				APPLICATION_EXTENSION_API_ONLY = YES;
				CLANG_ANALYZER_NONNULL = YES;
				"CODE_SIGN_IDENTITY[sdk=appletvos*]" = "";
				DEFINES_MODULE = YES;
				DYLIB_COMPATIBILITY_VERSION = 1;
				DYLIB_CURRENT_VERSION = 1;
				DYLIB_INSTALL_NAME_BASE = "@rpath";
				FRAMEWORK_SEARCH_PATHS = (
					"$(inherited)",
					"$(PROJECT_DIR)/Carthage/Build/tvOS",
				);
				INFOPLIST_FILE = Support/Info.plist;
				INSTALL_PATH = "$(LOCAL_LIBRARY_DIR)/Frameworks";
				LD_RUNPATH_SEARCH_PATHS = "$(inherited) @executable_path/Frameworks @loader_path/Frameworks";
				PRODUCT_BUNDLE_IDENTIFIER = com.usecanvas.canvaskit;
				PRODUCT_NAME = CanvasKit;
				SDKROOT = appletvos;
				SKIP_INSTALL = YES;
				TARGETED_DEVICE_FAMILY = 3;
				TVOS_DEPLOYMENT_TARGET = 9.0;
			};
			name = Release;
		};
		21FB6ACD1BF53C9D003C82BB /* Debug */ = {
			isa = XCBuildConfiguration;
			buildSettings = {
				ALWAYS_SEARCH_USER_PATHS = NO;
				CLANG_CXX_LANGUAGE_STANDARD = "gnu++0x";
				CLANG_CXX_LIBRARY = "libc++";
				CLANG_ENABLE_MODULES = YES;
				CLANG_ENABLE_OBJC_ARC = YES;
				CLANG_WARN_BOOL_CONVERSION = YES;
				CLANG_WARN_CONSTANT_CONVERSION = YES;
				CLANG_WARN_DIRECT_OBJC_ISA_USAGE = YES_ERROR;
				CLANG_WARN_EMPTY_BODY = YES;
				CLANG_WARN_ENUM_CONVERSION = YES;
				CLANG_WARN_INFINITE_RECURSION = YES;
				CLANG_WARN_INT_CONVERSION = YES;
				CLANG_WARN_OBJC_ROOT_CLASS = YES_ERROR;
				CLANG_WARN_SUSPICIOUS_MOVE = YES;
				CLANG_WARN_UNREACHABLE_CODE = YES;
				CLANG_WARN__DUPLICATE_METHOD_MATCH = YES;
				COPY_PHASE_STRIP = NO;
				CURRENT_PROJECT_VERSION = 1;
				DEBUG_INFORMATION_FORMAT = dwarf;
				ENABLE_STRICT_OBJC_MSGSEND = YES;
				ENABLE_TESTABILITY = YES;
				GCC_C_LANGUAGE_STANDARD = gnu99;
				GCC_DYNAMIC_NO_PIC = NO;
				GCC_NO_COMMON_BLOCKS = YES;
				GCC_OPTIMIZATION_LEVEL = 0;
				GCC_PREPROCESSOR_DEFINITIONS = (
					"DEBUG=1",
					"$(inherited)",
				);
				GCC_WARN_64_TO_32_BIT_CONVERSION = YES;
				GCC_WARN_ABOUT_RETURN_TYPE = YES_ERROR;
				GCC_WARN_UNDECLARED_SELECTOR = YES;
				GCC_WARN_UNINITIALIZED_AUTOS = YES_AGGRESSIVE;
				GCC_WARN_UNUSED_FUNCTION = YES;
				GCC_WARN_UNUSED_VARIABLE = YES;
				IPHONEOS_DEPLOYMENT_TARGET = 8.0;
				MACOSX_DEPLOYMENT_TARGET = 10.10;
				MTL_ENABLE_DEBUG_INFO = YES;
				ONLY_ACTIVE_ARCH = YES;
				SDKROOT = iphoneos;
				SWIFT_OPTIMIZATION_LEVEL = "-Onone";
				TARGETED_DEVICE_FAMILY = "1,2";
				VERSIONING_SYSTEM = "apple-generic";
				VERSION_INFO_PREFIX = "";
			};
			name = Debug;
		};
		21FB6ACE1BF53C9D003C82BB /* Release */ = {
			isa = XCBuildConfiguration;
			buildSettings = {
				ALWAYS_SEARCH_USER_PATHS = NO;
				CLANG_CXX_LANGUAGE_STANDARD = "gnu++0x";
				CLANG_CXX_LIBRARY = "libc++";
				CLANG_ENABLE_MODULES = YES;
				CLANG_ENABLE_OBJC_ARC = YES;
				CLANG_WARN_BOOL_CONVERSION = YES;
				CLANG_WARN_CONSTANT_CONVERSION = YES;
				CLANG_WARN_DIRECT_OBJC_ISA_USAGE = YES_ERROR;
				CLANG_WARN_EMPTY_BODY = YES;
				CLANG_WARN_ENUM_CONVERSION = YES;
				CLANG_WARN_INFINITE_RECURSION = YES;
				CLANG_WARN_INT_CONVERSION = YES;
				CLANG_WARN_OBJC_ROOT_CLASS = YES_ERROR;
				CLANG_WARN_SUSPICIOUS_MOVE = YES;
				CLANG_WARN_UNREACHABLE_CODE = YES;
				CLANG_WARN__DUPLICATE_METHOD_MATCH = YES;
				COPY_PHASE_STRIP = NO;
				CURRENT_PROJECT_VERSION = 1;
				DEBUG_INFORMATION_FORMAT = "dwarf-with-dsym";
				ENABLE_NS_ASSERTIONS = NO;
				ENABLE_STRICT_OBJC_MSGSEND = YES;
				GCC_C_LANGUAGE_STANDARD = gnu99;
				GCC_NO_COMMON_BLOCKS = YES;
				GCC_WARN_64_TO_32_BIT_CONVERSION = YES;
				GCC_WARN_ABOUT_RETURN_TYPE = YES_ERROR;
				GCC_WARN_UNDECLARED_SELECTOR = YES;
				GCC_WARN_UNINITIALIZED_AUTOS = YES_AGGRESSIVE;
				GCC_WARN_UNUSED_FUNCTION = YES;
				GCC_WARN_UNUSED_VARIABLE = YES;
				IPHONEOS_DEPLOYMENT_TARGET = 8.0;
				MACOSX_DEPLOYMENT_TARGET = 10.10;
				MTL_ENABLE_DEBUG_INFO = NO;
				SDKROOT = iphoneos;
				SWIFT_OPTIMIZATION_LEVEL = "-Owholemodule";
				TARGETED_DEVICE_FAMILY = "1,2";
				VALIDATE_PRODUCT = YES;
				VERSIONING_SYSTEM = "apple-generic";
				VERSION_INFO_PREFIX = "";
			};
			name = Release;
		};
		21FB6AD01BF53C9D003C82BB /* Debug */ = {
			isa = XCBuildConfiguration;
			buildSettings = {
				APPLICATION_EXTENSION_API_ONLY = YES;
				CLANG_ENABLE_MODULES = YES;
				CODE_SIGN_IDENTITY = "iPhone Developer";
				"CODE_SIGN_IDENTITY[sdk=iphoneos*]" = "";
				DEFINES_MODULE = YES;
				DYLIB_COMPATIBILITY_VERSION = 1;
				DYLIB_CURRENT_VERSION = 1;
				DYLIB_INSTALL_NAME_BASE = "@rpath";
				FRAMEWORK_SEARCH_PATHS = (
					"$(inherited)",
					"$(PROJECT_DIR)/Carthage/Build/iOS",
				);
				INFOPLIST_FILE = "$(SRCROOT)/Support/Info.plist";
				INSTALL_PATH = "$(LOCAL_LIBRARY_DIR)/Frameworks";
				LD_RUNPATH_SEARCH_PATHS = "$(inherited) @executable_path/Frameworks @loader_path/Frameworks";
				PRODUCT_BUNDLE_IDENTIFIER = com.usecanvas.canvaskit;
				PRODUCT_NAME = CanvasKit;
				SKIP_INSTALL = YES;
				SWIFT_OPTIMIZATION_LEVEL = "-Onone";
				SWIFT_VERSION = 3.0;
			};
			name = Debug;
		};
		21FB6AD11BF53C9D003C82BB /* Release */ = {
			isa = XCBuildConfiguration;
			buildSettings = {
				APPLICATION_EXTENSION_API_ONLY = YES;
				CLANG_ENABLE_MODULES = YES;
				CODE_SIGN_IDENTITY = "iPhone Developer";
				"CODE_SIGN_IDENTITY[sdk=iphoneos*]" = "";
				DEFINES_MODULE = YES;
				DYLIB_COMPATIBILITY_VERSION = 1;
				DYLIB_CURRENT_VERSION = 1;
				DYLIB_INSTALL_NAME_BASE = "@rpath";
				FRAMEWORK_SEARCH_PATHS = (
					"$(inherited)",
					"$(PROJECT_DIR)/Carthage/Build/iOS",
				);
				INFOPLIST_FILE = "$(SRCROOT)/Support/Info.plist";
				INSTALL_PATH = "$(LOCAL_LIBRARY_DIR)/Frameworks";
				LD_RUNPATH_SEARCH_PATHS = "$(inherited) @executable_path/Frameworks @loader_path/Frameworks";
				PRODUCT_BUNDLE_IDENTIFIER = com.usecanvas.canvaskit;
				PRODUCT_NAME = CanvasKit;
				SKIP_INSTALL = YES;
				SWIFT_VERSION = 3.0;
			};
			name = Release;
		};
/* End XCBuildConfiguration section */

/* Begin XCConfigurationList section */
		216C4BA81BF54AB100260B8E /* Build configuration list for PBXNativeTarget "CanvasKit-macOS" */ = {
			isa = XCConfigurationList;
			buildConfigurations = (
				216C4BA91BF54AB100260B8E /* Debug */,
				216C4BAA1BF54AB100260B8E /* Release */,
			);
			defaultConfigurationIsVisible = 0;
			defaultConfigurationName = Release;
		};
		2175D29F1D171DC3009C6845 /* Build configuration list for PBXNativeTarget "CanvasKit-watchOS" */ = {
			isa = XCConfigurationList;
			buildConfigurations = (
				2175D2A01D171DC3009C6845 /* Debug */,
				2175D2A11D171DC3009C6845 /* Release */,
			);
			defaultConfigurationIsVisible = 0;
			defaultConfigurationName = Release;
		};
		21EC4F191D077F5B00FA439F /* Build configuration list for PBXNativeTarget "CanvasKit-tvOS" */ = {
			isa = XCConfigurationList;
			buildConfigurations = (
				21EC4F151D077F5B00FA439F /* Debug */,
				21EC4F161D077F5B00FA439F /* Release */,
			);
			defaultConfigurationIsVisible = 0;
			defaultConfigurationName = Release;
		};
		21FB6AB51BF53C9D003C82BB /* Build configuration list for PBXProject "CanvasKit" */ = {
			isa = XCConfigurationList;
			buildConfigurations = (
				21FB6ACD1BF53C9D003C82BB /* Debug */,
				21FB6ACE1BF53C9D003C82BB /* Release */,
			);
			defaultConfigurationIsVisible = 0;
			defaultConfigurationName = Release;
		};
		21FB6ACF1BF53C9D003C82BB /* Build configuration list for PBXNativeTarget "CanvasKit-iOS" */ = {
			isa = XCConfigurationList;
			buildConfigurations = (
				21FB6AD01BF53C9D003C82BB /* Debug */,
				21FB6AD11BF53C9D003C82BB /* Release */,
			);
			defaultConfigurationIsVisible = 0;
			defaultConfigurationName = Release;
		};
/* End XCConfigurationList section */
	};
	rootObject = 21FB6AB21BF53C9D003C82BB /* Project object */;
}
